
Microsoft Visual Studio Solution File, Format Version 12.00
# Visual Studio Version 16
VisualStudioVersion = 16.0.30804.86
MinimumVisualStudioVersion = 10.0.40219.1
Project("{FAE04EC0-301F-11D3-BF4B-00C04F79EFBC}") = "teste_02", "teste_02\teste_02.csproj", "{EE5DA09E-6DCB-4FBE-92CC-FB3196D4C6FE}"
EndProject
Global
	GlobalSection(SolutionConfigurationPlatforms) = preSolution
		Debug|Any CPU = Debug|Any CPU
		Release|Any CPU = Release|Any CPU
	EndGlobalSection
	GlobalSection(ProjectConfigurationPlatforms) = postSolution
		{EE5DA09E-6DCB-4FBE-92CC-FB3196D4C6FE}.Debug|Any CPU.ActiveCfg = Debug|Any CPU
		{EE5DA09E-6DCB-4FBE-92CC-FB3196D4C6FE}.Debug|Any CPU.Build.0 = Debug|Any CPU
		{EE5DA09E-6DCB-4FBE-92CC-FB3196D4C6FE}.Release|Any CPU.ActiveCfg = Release|Any CPU
		{EE5DA09E-6DCB-4FBE-92CC-FB3196D4C6FE}.Release|Any CPU.Build.0 = Release|Any CPU
	EndGlobalSection
	GlobalSection(SolutionProperties) = preSolution
		HideSolutionNode = FALSE
	EndGlobalSection
	GlobalSection(ExtensibilityGlobals) = postSolution
		SolutionGuid = {EE58A972-AC5F-4485-AAE2-C08F929DABAC}
	EndGlobalSection
EndGlobal
